// !$*UTF8*$!
{
	archiveVersion = 1;
	classes = {
	};
	objectVersion = 55;
	objects = {

/* Begin PBXBuildFile section */
		93A72ECB3AD9D9E1B270B418 /* libPods-FileWatcher.a in Frameworks */ = {isa = PBXBuildFile; fileRef = 1B79D9A3E5BA2733B868209C /* libPods-FileWatcher.a */; };
		D9148860288A525C00016833 /* FileWatcherUtil.m in Sources */ = {isa = PBXBuildFile; fileRef = D914885F288A525C00016833 /* FileWatcherUtil.m */; };
		D91E76A42AEBB3AB00FA7491 /* SEResult.m in Sources */ = {isa = PBXBuildFile; fileRef = D91E76A12AEBB3AB00FA7491 /* SEResult.m */; };
		D91E76A52AEBB3AB00FA7491 /* STPrivilegedTask.m in Sources */ = {isa = PBXBuildFile; fileRef = D91E76A32AEBB3AB00FA7491 /* STPrivilegedTask.m */; };
		D91E76A82AEBB3D800FA7491 /* PYSeverUtil.m in Sources */ = {isa = PBXBuildFile; fileRef = D91E76A72AEBB3D800FA7491 /* PYSeverUtil.m */; };
		D91E76DA2AEF498900FA7491 /* KZHTTPConnection.m in Sources */ = {isa = PBXBuildFile; fileRef = D91E76AD2AEF498900FA7491 /* KZHTTPConnection.m */; };
		D91E76DB2AEF498900FA7491 /* HTTPErrorResponse.m in Sources */ = {isa = PBXBuildFile; fileRef = D91E76B52AEF498900FA7491 /* HTTPErrorResponse.m */; };
		D91E76DC2AEF498900FA7491 /* HTTPDataResponse.m in Sources */ = {isa = PBXBuildFile; fileRef = D91E76B62AEF498900FA7491 /* HTTPDataResponse.m */; };
		D91E76DD2AEF498900FA7491 /* HTTPDynamicFileResponse.m in Sources */ = {isa = PBXBuildFile; fileRef = D91E76B82AEF498900FA7491 /* HTTPDynamicFileResponse.m */; };
		D91E76DE2AEF498900FA7491 /* HTTPFileResponse.m in Sources */ = {isa = PBXBuildFile; fileRef = D91E76B92AEF498900FA7491 /* HTTPFileResponse.m */; };
		D91E76DF2AEF498900FA7491 /* HTTPAsyncFileResponse.m in Sources */ = {isa = PBXBuildFile; fileRef = D91E76BA2AEF498900FA7491 /* HTTPAsyncFileResponse.m */; };
		D91E76E02AEF498900FA7491 /* HTTPRedirectResponse.m in Sources */ = {isa = PBXBuildFile; fileRef = D91E76BB2AEF498900FA7491 /* HTTPRedirectResponse.m */; };
		D91E76E12AEF498900FA7491 /* HTTPMessage.m in Sources */ = {isa = PBXBuildFile; fileRef = D91E76C12AEF498900FA7491 /* HTTPMessage.m */; };
		D91E76E22AEF498900FA7491 /* HTTPConnection.m in Sources */ = {isa = PBXBuildFile; fileRef = D91E76C22AEF498900FA7491 /* HTTPConnection.m */; };
		D91E76E32AEF498900FA7491 /* WebSocket.m in Sources */ = {isa = PBXBuildFile; fileRef = D91E76C32AEF498900FA7491 /* WebSocket.m */; };
		D91E76E42AEF498900FA7491 /* MultipartMessageHeaderField.m in Sources */ = {isa = PBXBuildFile; fileRef = D91E76C82AEF498900FA7491 /* MultipartMessageHeaderField.m */; };
		D91E76E52AEF498900FA7491 /* MultipartFormDataParser.m in Sources */ = {isa = PBXBuildFile; fileRef = D91E76C92AEF498900FA7491 /* MultipartFormDataParser.m */; };
		D91E76E62AEF498900FA7491 /* MultipartMessageHeader.m in Sources */ = {isa = PBXBuildFile; fileRef = D91E76CA2AEF498900FA7491 /* MultipartMessageHeader.m */; };
		D91E76E72AEF498900FA7491 /* HTTPAuthenticationRequest.m in Sources */ = {isa = PBXBuildFile; fileRef = D91E76CC2AEF498900FA7491 /* HTTPAuthenticationRequest.m */; };
		D91E76E82AEF498900FA7491 /* DDNumber.m in Sources */ = {isa = PBXBuildFile; fileRef = D91E76CE2AEF498900FA7491 /* DDNumber.m */; };
		D91E76E92AEF498900FA7491 /* DDData.m in Sources */ = {isa = PBXBuildFile; fileRef = D91E76CF2AEF498900FA7491 /* DDData.m */; };
		D91E76EA2AEF498900FA7491 /* DDRange.m in Sources */ = {isa = PBXBuildFile; fileRef = D91E76D22AEF498900FA7491 /* DDRange.m */; };
		D91E76EB2AEF498900FA7491 /* HTTPServer.m in Sources */ = {isa = PBXBuildFile; fileRef = D91E76D42AEF498900FA7491 /* HTTPServer.m */; };
		D91E76EC2AEF498900FA7491 /* KZHTTPDataResponse.m in Sources */ = {isa = PBXBuildFile; fileRef = D91E76D62AEF498900FA7491 /* KZHTTPDataResponse.m */; };
		D91E76ED2AEF498900FA7491 /* KZServerManager.m in Sources */ = {isa = PBXBuildFile; fileRef = D91E76D82AEF498900FA7491 /* KZServerManager.m */; };
		D91E76EF2AEF542500FA7491 /* fw_home.html in Resources */ = {isa = PBXBuildFile; fileRef = D91E76EE2AEF542500FA7491 /* fw_home.html */; };
		D99470C72887CF820054F7AF /* AppDelegate.m in Sources */ = {isa = PBXBuildFile; fileRef = D99470C62887CF820054F7AF /* AppDelegate.m */; };
		D99470CC2887CF860054F7AF /* Assets.xcassets in Resources */ = {isa = PBXBuildFile; fileRef = D99470CB2887CF860054F7AF /* Assets.xcassets */; };
		D99470CF2887CF860054F7AF /* Main.storyboard in Resources */ = {isa = PBXBuildFile; fileRef = D99470CD2887CF860054F7AF /* Main.storyboard */; };
		D99470D12887CF860054F7AF /* main.m in Sources */ = {isa = PBXBuildFile; fileRef = D99470D02887CF860054F7AF /* main.m */; };
		D99470DA2887D4840054F7AF /* FileWatcherManager.m in Sources */ = {isa = PBXBuildFile; fileRef = D99470D92887D4840054F7AF /* FileWatcherManager.m */; };
		D99470E9288805C50054F7AF /* FileWatcherSocketManager.m in Sources */ = {isa = PBXBuildFile; fileRef = D99470E8288805C50054F7AF /* FileWatcherSocketManager.m */; };
/* End PBXBuildFile section */

/* Begin PBXFileReference section */
		107B478F2DA879192F274C4B /* Pods-FileWatcher.release.xcconfig */ = {isa = PBXFileReference; includeInIndex = 1; lastKnownFileType = text.xcconfig; name = "Pods-FileWatcher.release.xcconfig"; path = "Target Support Files/Pods-FileWatcher/Pods-FileWatcher.release.xcconfig"; sourceTree = "<group>"; };
		1B79D9A3E5BA2733B868209C /* libPods-FileWatcher.a */ = {isa = PBXFileReference; explicitFileType = archive.ar; includeInIndex = 0; path = "libPods-FileWatcher.a"; sourceTree = BUILT_PRODUCTS_DIR; };
		9BFE078CA240987738BA7A62 /* Pods-FileWatcher.debug.xcconfig */ = {isa = PBXFileReference; includeInIndex = 1; lastKnownFileType = text.xcconfig; name = "Pods-FileWatcher.debug.xcconfig"; path = "Target Support Files/Pods-FileWatcher/Pods-FileWatcher.debug.xcconfig"; sourceTree = "<group>"; };
		D91488472889284F00016833 /* PrefixHeader.pch */ = {isa = PBXFileReference; lastKnownFileType = sourcecode.c.h; path = PrefixHeader.pch; sourceTree = "<group>"; };
		D914885E288A525C00016833 /* FileWatcherUtil.h */ = {isa = PBXFileReference; lastKnownFileType = sourcecode.c.h; path = FileWatcherUtil.h; sourceTree = "<group>"; };
		D914885F288A525C00016833 /* FileWatcherUtil.m */ = {isa = PBXFileReference; lastKnownFileType = sourcecode.c.objc; path = FileWatcherUtil.m; sourceTree = "<group>"; };
		D91E76A02AEBB3AB00FA7491 /* STPrivilegedTask.h */ = {isa = PBXFileReference; fileEncoding = 4; lastKnownFileType = sourcecode.c.h; path = STPrivilegedTask.h; sourceTree = "<group>"; };
		D91E76A12AEBB3AB00FA7491 /* SEResult.m */ = {isa = PBXFileReference; fileEncoding = 4; lastKnownFileType = sourcecode.c.objc; path = SEResult.m; sourceTree = "<group>"; };
		D91E76A22AEBB3AB00FA7491 /* SEResult.h */ = {isa = PBXFileReference; fileEncoding = 4; lastKnownFileType = sourcecode.c.h; path = SEResult.h; sourceTree = "<group>"; };
		D91E76A32AEBB3AB00FA7491 /* STPrivilegedTask.m */ = {isa = PBXFileReference; fileEncoding = 4; lastKnownFileType = sourcecode.c.objc; path = STPrivilegedTask.m; sourceTree = "<group>"; };
		D91E76A62AEBB3D800FA7491 /* PYSeverUtil.h */ = {isa = PBXFileReference; lastKnownFileType = sourcecode.c.h; path = PYSeverUtil.h; sourceTree = "<group>"; };
		D91E76A72AEBB3D800FA7491 /* PYSeverUtil.m */ = {isa = PBXFileReference; lastKnownFileType = sourcecode.c.objc; path = PYSeverUtil.m; sourceTree = "<group>"; };
		D91E76AD2AEF498900FA7491 /* KZHTTPConnection.m */ = {isa = PBXFileReference; fileEncoding = 4; lastKnownFileType = sourcecode.c.objc; path = KZHTTPConnection.m; sourceTree = "<group>"; };
		D91E76AF2AEF498900FA7491 /* HTTPConnection.h */ = {isa = PBXFileReference; fileEncoding = 4; lastKnownFileType = sourcecode.c.h; path = HTTPConnection.h; sourceTree = "<group>"; };
		D91E76B02AEF498900FA7491 /* HTTPMessage.h */ = {isa = PBXFileReference; fileEncoding = 4; lastKnownFileType = sourcecode.c.h; path = HTTPMessage.h; sourceTree = "<group>"; };
		D91E76B12AEF498900FA7491 /* WebSocket.h */ = {isa = PBXFileReference; fileEncoding = 4; lastKnownFileType = sourcecode.c.h; path = WebSocket.h; sourceTree = "<group>"; };
		D91E76B22AEF498900FA7491 /* HTTPAuthenticationRequest.h */ = {isa = PBXFileReference; fileEncoding = 4; lastKnownFileType = sourcecode.c.h; path = HTTPAuthenticationRequest.h; sourceTree = "<group>"; };
		D91E76B42AEF498900FA7491 /* HTTPAsyncFileResponse.h */ = {isa = PBXFileReference; fileEncoding = 4; lastKnownFileType = sourcecode.c.h; path = HTTPAsyncFileResponse.h; sourceTree = "<group>"; };
		D91E76B52AEF498900FA7491 /* HTTPErrorResponse.m */ = {isa = PBXFileReference; fileEncoding = 4; lastKnownFileType = sourcecode.c.objc; path = HTTPErrorResponse.m; sourceTree = "<group>"; };
		D91E76B62AEF498900FA7491 /* HTTPDataResponse.m */ = {isa = PBXFileReference; fileEncoding = 4; lastKnownFileType = sourcecode.c.objc; path = HTTPDataResponse.m; sourceTree = "<group>"; };
		D91E76B72AEF498900FA7491 /* HTTPRedirectResponse.h */ = {isa = PBXFileReference; fileEncoding = 4; lastKnownFileType = sourcecode.c.h; path = HTTPRedirectResponse.h; sourceTree = "<group>"; };
		D91E76B82AEF498900FA7491 /* HTTPDynamicFileResponse.m */ = {isa = PBXFileReference; fileEncoding = 4; lastKnownFileType = sourcecode.c.objc; path = HTTPDynamicFileResponse.m; sourceTree = "<group>"; };
		D91E76B92AEF498900FA7491 /* HTTPFileResponse.m */ = {isa = PBXFileReference; fileEncoding = 4; lastKnownFileType = sourcecode.c.objc; path = HTTPFileResponse.m; sourceTree = "<group>"; };
		D91E76BA2AEF498900FA7491 /* HTTPAsyncFileResponse.m */ = {isa = PBXFileReference; fileEncoding = 4; lastKnownFileType = sourcecode.c.objc; path = HTTPAsyncFileResponse.m; sourceTree = "<group>"; };
		D91E76BB2AEF498900FA7491 /* HTTPRedirectResponse.m */ = {isa = PBXFileReference; fileEncoding = 4; lastKnownFileType = sourcecode.c.objc; path = HTTPRedirectResponse.m; sourceTree = "<group>"; };
		D91E76BC2AEF498900FA7491 /* HTTPDataResponse.h */ = {isa = PBXFileReference; fileEncoding = 4; lastKnownFileType = sourcecode.c.h; path = HTTPDataResponse.h; sourceTree = "<group>"; };
		D91E76BD2AEF498900FA7491 /* HTTPErrorResponse.h */ = {isa = PBXFileReference; fileEncoding = 4; lastKnownFileType = sourcecode.c.h; path = HTTPErrorResponse.h; sourceTree = "<group>"; };
		D91E76BE2AEF498900FA7491 /* HTTPFileResponse.h */ = {isa = PBXFileReference; fileEncoding = 4; lastKnownFileType = sourcecode.c.h; path = HTTPFileResponse.h; sourceTree = "<group>"; };
		D91E76BF2AEF498900FA7491 /* HTTPDynamicFileResponse.h */ = {isa = PBXFileReference; fileEncoding = 4; lastKnownFileType = sourcecode.c.h; path = HTTPDynamicFileResponse.h; sourceTree = "<group>"; };
		D91E76C02AEF498900FA7491 /* HTTPServer.h */ = {isa = PBXFileReference; fileEncoding = 4; lastKnownFileType = sourcecode.c.h; path = HTTPServer.h; sourceTree = "<group>"; };
		D91E76C12AEF498900FA7491 /* HTTPMessage.m */ = {isa = PBXFileReference; fileEncoding = 4; lastKnownFileType = sourcecode.c.objc; path = HTTPMessage.m; sourceTree = "<group>"; };
		D91E76C22AEF498900FA7491 /* HTTPConnection.m */ = {isa = PBXFileReference; fileEncoding = 4; lastKnownFileType = sourcecode.c.objc; path = HTTPConnection.m; sourceTree = "<group>"; };
		D91E76C32AEF498900FA7491 /* WebSocket.m */ = {isa = PBXFileReference; fileEncoding = 4; lastKnownFileType = sourcecode.c.objc; path = WebSocket.m; sourceTree = "<group>"; };
		D91E76C42AEF498900FA7491 /* HTTPResponse.h */ = {isa = PBXFileReference; fileEncoding = 4; lastKnownFileType = sourcecode.c.h; path = HTTPResponse.h; sourceTree = "<group>"; };
		D91E76C62AEF498900FA7491 /* MultipartFormDataParser.h */ = {isa = PBXFileReference; fileEncoding = 4; lastKnownFileType = sourcecode.c.h; path = MultipartFormDataParser.h; sourceTree = "<group>"; };
		D91E76C72AEF498900FA7491 /* MultipartMessageHeader.h */ = {isa = PBXFileReference; fileEncoding = 4; lastKnownFileType = sourcecode.c.h; path = MultipartMessageHeader.h; sourceTree = "<group>"; };
		D91E76C82AEF498900FA7491 /* MultipartMessageHeaderField.m */ = {isa = PBXFileReference; fileEncoding = 4; lastKnownFileType = sourcecode.c.objc; path = MultipartMessageHeaderField.m; sourceTree = "<group>"; };
		D91E76C92AEF498900FA7491 /* MultipartFormDataParser.m */ = {isa = PBXFileReference; fileEncoding = 4; lastKnownFileType = sourcecode.c.objc; path = MultipartFormDataParser.m; sourceTree = "<group>"; };
		D91E76CA2AEF498900FA7491 /* MultipartMessageHeader.m */ = {isa = PBXFileReference; fileEncoding = 4; lastKnownFileType = sourcecode.c.objc; path = MultipartMessageHeader.m; sourceTree = "<group>"; };
		D91E76CB2AEF498900FA7491 /* MultipartMessageHeaderField.h */ = {isa = PBXFileReference; fileEncoding = 4; lastKnownFileType = sourcecode.c.h; path = MultipartMessageHeaderField.h; sourceTree = "<group>"; };
		D91E76CC2AEF498900FA7491 /* HTTPAuthenticationRequest.m */ = {isa = PBXFileReference; fileEncoding = 4; lastKnownFileType = sourcecode.c.objc; path = HTTPAuthenticationRequest.m; sourceTree = "<group>"; };
		D91E76CE2AEF498900FA7491 /* DDNumber.m */ = {isa = PBXFileReference; fileEncoding = 4; lastKnownFileType = sourcecode.c.objc; path = DDNumber.m; sourceTree = "<group>"; };
		D91E76CF2AEF498900FA7491 /* DDData.m */ = {isa = PBXFileReference; fileEncoding = 4; lastKnownFileType = sourcecode.c.objc; path = DDData.m; sourceTree = "<group>"; };
		D91E76D02AEF498900FA7491 /* DDRange.h */ = {isa = PBXFileReference; fileEncoding = 4; lastKnownFileType = sourcecode.c.h; path = DDRange.h; sourceTree = "<group>"; };
		D91E76D12AEF498900FA7491 /* DDNumber.h */ = {isa = PBXFileReference; fileEncoding = 4; lastKnownFileType = sourcecode.c.h; path = DDNumber.h; sourceTree = "<group>"; };
		D91E76D22AEF498900FA7491 /* DDRange.m */ = {isa = PBXFileReference; fileEncoding = 4; lastKnownFileType = sourcecode.c.objc; path = DDRange.m; sourceTree = "<group>"; };
		D91E76D32AEF498900FA7491 /* DDData.h */ = {isa = PBXFileReference; fileEncoding = 4; lastKnownFileType = sourcecode.c.h; path = DDData.h; sourceTree = "<group>"; };
		D91E76D42AEF498900FA7491 /* HTTPServer.m */ = {isa = PBXFileReference; fileEncoding = 4; lastKnownFileType = sourcecode.c.objc; path = HTTPServer.m; sourceTree = "<group>"; };
		D91E76D52AEF498900FA7491 /* KZServerManager.h */ = {isa = PBXFileReference; fileEncoding = 4; lastKnownFileType = sourcecode.c.h; path = KZServerManager.h; sourceTree = "<group>"; };
		D91E76D62AEF498900FA7491 /* KZHTTPDataResponse.m */ = {isa = PBXFileReference; fileEncoding = 4; lastKnownFileType = sourcecode.c.objc; path = KZHTTPDataResponse.m; sourceTree = "<group>"; };
		D91E76D72AEF498900FA7491 /* KZHTTPConnection.h */ = {isa = PBXFileReference; fileEncoding = 4; lastKnownFileType = sourcecode.c.h; path = KZHTTPConnection.h; sourceTree = "<group>"; };
		D91E76D82AEF498900FA7491 /* KZServerManager.m */ = {isa = PBXFileReference; fileEncoding = 4; lastKnownFileType = sourcecode.c.objc; path = KZServerManager.m; sourceTree = "<group>"; };
		D91E76D92AEF498900FA7491 /* KZHTTPDataResponse.h */ = {isa = PBXFileReference; fileEncoding = 4; lastKnownFileType = sourcecode.c.h; path = KZHTTPDataResponse.h; sourceTree = "<group>"; };
		D91E76EE2AEF542500FA7491 /* fw_home.html */ = {isa = PBXFileReference; fileEncoding = 4; lastKnownFileType = text.html; path = fw_home.html; sourceTree = "<group>"; };
		D99470C22887CF820054F7AF /* FileWatcher.app */ = {isa = PBXFileReference; explicitFileType = wrapper.application; includeInIndex = 0; path = FileWatcher.app; sourceTree = BUILT_PRODUCTS_DIR; };
		D99470C52887CF820054F7AF /* AppDelegate.h */ = {isa = PBXFileReference; lastKnownFileType = sourcecode.c.h; path = AppDelegate.h; sourceTree = "<group>"; };
		D99470C62887CF820054F7AF /* AppDelegate.m */ = {isa = PBXFileReference; lastKnownFileType = sourcecode.c.objc; path = AppDelegate.m; sourceTree = "<group>"; };
		D99470CB2887CF860054F7AF /* Assets.xcassets */ = {isa = PBXFileReference; lastKnownFileType = folder.assetcatalog; path = Assets.xcassets; sourceTree = "<group>"; };
		D99470CE2887CF860054F7AF /* Base */ = {isa = PBXFileReference; lastKnownFileType = file.storyboard; name = Base; path = Base.lproj/Main.storyboard; sourceTree = "<group>"; };
		D99470D02887CF860054F7AF /* main.m */ = {isa = PBXFileReference; lastKnownFileType = sourcecode.c.objc; path = main.m; sourceTree = "<group>"; };
		D99470D22887CF860054F7AF /* FileWatcher.entitlements */ = {isa = PBXFileReference; lastKnownFileType = text.plist.entitlements; path = FileWatcher.entitlements; sourceTree = "<group>"; };
		D99470D82887D4840054F7AF /* FileWatcherManager.h */ = {isa = PBXFileReference; lastKnownFileType = sourcecode.c.h; path = FileWatcherManager.h; sourceTree = "<group>"; };
		D99470D92887D4840054F7AF /* FileWatcherManager.m */ = {isa = PBXFileReference; lastKnownFileType = sourcecode.c.objc; path = FileWatcherManager.m; sourceTree = "<group>"; };
		D99470DF2887EBA80054F7AF /* Info.plist */ = {isa = PBXFileReference; lastKnownFileType = text.plist; path = Info.plist; sourceTree = "<group>"; };
		D99470E7288805C50054F7AF /* FileWatcherSocketManager.h */ = {isa = PBXFileReference; lastKnownFileType = sourcecode.c.h; path = FileWatcherSocketManager.h; sourceTree = "<group>"; };
		D99470E8288805C50054F7AF /* FileWatcherSocketManager.m */ = {isa = PBXFileReference; lastKnownFileType = sourcecode.c.objc; path = FileWatcherSocketManager.m; sourceTree = "<group>"; };
/* End PBXFileReference section */

/* Begin PBXFrameworksBuildPhase section */
		D99470BF2887CF820054F7AF /* Frameworks */ = {
			isa = PBXFrameworksBuildPhase;
			buildActionMask = 2147483647;
			files = (
				93A72ECB3AD9D9E1B270B418 /* libPods-FileWatcher.a in Frameworks */,
			);
			runOnlyForDeploymentPostprocessing = 0;
		};
/* End PBXFrameworksBuildPhase section */

/* Begin PBXGroup section */
		4BCA02E3165845E1BD55916C /* Frameworks */ = {
			isa = PBXGroup;
			children = (
				1B79D9A3E5BA2733B868209C /* libPods-FileWatcher.a */,
			);
			name = Frameworks;
			sourceTree = "<group>";
		};
		D80DF6132B69D2F0C7A101C2 /* Pods */ = {
			isa = PBXGroup;
			children = (
				9BFE078CA240987738BA7A62 /* Pods-FileWatcher.debug.xcconfig */,
				107B478F2DA879192F274C4B /* Pods-FileWatcher.release.xcconfig */,
			);
			path = Pods;
			sourceTree = "<group>";
		};
		D91E769E2AEBB3AB00FA7491 /* Utils */ = {
			isa = PBXGroup;
			children = (
				D91E76AC2AEF498900FA7491 /* KZHTTPServer */,
				D91E769F2AEBB3AB00FA7491 /* PrivilegeTool */,
				D91E76A62AEBB3D800FA7491 /* PYSeverUtil.h */,
				D91E76A72AEBB3D800FA7491 /* PYSeverUtil.m */,
			);
			path = Utils;
			sourceTree = "<group>";
		};
		D91E769F2AEBB3AB00FA7491 /* PrivilegeTool */ = {
			isa = PBXGroup;
			children = (
				D91E76A22AEBB3AB00FA7491 /* SEResult.h */,
				D91E76A12AEBB3AB00FA7491 /* SEResult.m */,
				D91E76A02AEBB3AB00FA7491 /* STPrivilegedTask.h */,
				D91E76A32AEBB3AB00FA7491 /* STPrivilegedTask.m */,
			);
			path = PrivilegeTool;
			sourceTree = "<group>";
		};
		D91E76AC2AEF498900FA7491 /* KZHTTPServer */ = {
			isa = PBXGroup;
			children = (
				D91E76AE2AEF498900FA7491 /* Core */,
				D91E76D72AEF498900FA7491 /* KZHTTPConnection.h */,
				D91E76AD2AEF498900FA7491 /* KZHTTPConnection.m */,
				D91E76D92AEF498900FA7491 /* KZHTTPDataResponse.h */,
				D91E76D62AEF498900FA7491 /* KZHTTPDataResponse.m */,
				D91E76D52AEF498900FA7491 /* KZServerManager.h */,
				D91E76D82AEF498900FA7491 /* KZServerManager.m */,
			);
			path = KZHTTPServer;
			sourceTree = "<group>";
		};
		D91E76AE2AEF498900FA7491 /* Core */ = {
			isa = PBXGroup;
			children = (
				D91E76CD2AEF498900FA7491 /* Categories */,
				D91E76C52AEF498900FA7491 /* Mime */,
				D91E76B32AEF498900FA7491 /* Responses */,
				D91E76B22AEF498900FA7491 /* HTTPAuthenticationRequest.h */,
				D91E76CC2AEF498900FA7491 /* HTTPAuthenticationRequest.m */,
				D91E76AF2AEF498900FA7491 /* HTTPConnection.h */,
				D91E76C22AEF498900FA7491 /* HTTPConnection.m */,
				D91E76B02AEF498900FA7491 /* HTTPMessage.h */,
				D91E76C12AEF498900FA7491 /* HTTPMessage.m */,
				D91E76C42AEF498900FA7491 /* HTTPResponse.h */,
				D91E76C02AEF498900FA7491 /* HTTPServer.h */,
				D91E76D42AEF498900FA7491 /* HTTPServer.m */,
				D91E76B12AEF498900FA7491 /* WebSocket.h */,
				D91E76C32AEF498900FA7491 /* WebSocket.m */,
			);
			path = Core;
			sourceTree = "<group>";
		};
		D91E76B32AEF498900FA7491 /* Responses */ = {
			isa = PBXGroup;
			children = (
				D91E76B42AEF498900FA7491 /* HTTPAsyncFileResponse.h */,
				D91E76BA2AEF498900FA7491 /* HTTPAsyncFileResponse.m */,
				D91E76BC2AEF498900FA7491 /* HTTPDataResponse.h */,
				D91E76B62AEF498900FA7491 /* HTTPDataResponse.m */,
				D91E76BF2AEF498900FA7491 /* HTTPDynamicFileResponse.h */,
				D91E76B82AEF498900FA7491 /* HTTPDynamicFileResponse.m */,
				D91E76BD2AEF498900FA7491 /* HTTPErrorResponse.h */,
				D91E76B52AEF498900FA7491 /* HTTPErrorResponse.m */,
				D91E76BE2AEF498900FA7491 /* HTTPFileResponse.h */,
				D91E76B92AEF498900FA7491 /* HTTPFileResponse.m */,
				D91E76B72AEF498900FA7491 /* HTTPRedirectResponse.h */,
				D91E76BB2AEF498900FA7491 /* HTTPRedirectResponse.m */,
			);
			path = Responses;
			sourceTree = "<group>";
		};
		D91E76C52AEF498900FA7491 /* Mime */ = {
			isa = PBXGroup;
			children = (
				D91E76C62AEF498900FA7491 /* MultipartFormDataParser.h */,
				D91E76C92AEF498900FA7491 /* MultipartFormDataParser.m */,
				D91E76C72AEF498900FA7491 /* MultipartMessageHeader.h */,
				D91E76CA2AEF498900FA7491 /* MultipartMessageHeader.m */,
				D91E76CB2AEF498900FA7491 /* MultipartMessageHeaderField.h */,
				D91E76C82AEF498900FA7491 /* MultipartMessageHeaderField.m */,
			);
			path = Mime;
			sourceTree = "<group>";
		};
		D91E76CD2AEF498900FA7491 /* Categories */ = {
			isa = PBXGroup;
			children = (
				D91E76D32AEF498900FA7491 /* DDData.h */,
				D91E76CF2AEF498900FA7491 /* DDData.m */,
				D91E76D12AEF498900FA7491 /* DDNumber.h */,
				D91E76CE2AEF498900FA7491 /* DDNumber.m */,
				D91E76D02AEF498900FA7491 /* DDRange.h */,
				D91E76D22AEF498900FA7491 /* DDRange.m */,
			);
			path = Categories;
			sourceTree = "<group>";
		};
		D99470B92887CF820054F7AF = {
			isa = PBXGroup;
			children = (
				D99470C42887CF820054F7AF /* FileWatcher */,
				D99470C32887CF820054F7AF /* Products */,
				D80DF6132B69D2F0C7A101C2 /* Pods */,
				4BCA02E3165845E1BD55916C /* Frameworks */,
			);
			sourceTree = "<group>";
		};
		D99470C32887CF820054F7AF /* Products */ = {
			isa = PBXGroup;
			children = (
				D99470C22887CF820054F7AF /* FileWatcher.app */,
			);
			name = Products;
			sourceTree = "<group>";
		};
		D99470C42887CF820054F7AF /* FileWatcher */ = {
			isa = PBXGroup;
			children = (
				D91E769E2AEBB3AB00FA7491 /* Utils */,
				D99470DF2887EBA80054F7AF /* Info.plist */,
				D99470C52887CF820054F7AF /* AppDelegate.h */,
				D99470C62887CF820054F7AF /* AppDelegate.m */,
				D914885E288A525C00016833 /* FileWatcherUtil.h */,
				D914885F288A525C00016833 /* FileWatcherUtil.m */,
				D99470E7288805C50054F7AF /* FileWatcherSocketManager.h */,
				D99470E8288805C50054F7AF /* FileWatcherSocketManager.m */,
				D99470D82887D4840054F7AF /* FileWatcherManager.h */,
				D99470D92887D4840054F7AF /* FileWatcherManager.m */,
				D99470CB2887CF860054F7AF /* Assets.xcassets */,
				D99470CD2887CF860054F7AF /* Main.storyboard */,
				D99470D02887CF860054F7AF /* main.m */,
				D99470D22887CF860054F7AF /* FileWatcher.entitlements */,
				D91488472889284F00016833 /* PrefixHeader.pch */,
				D91E76EE2AEF542500FA7491 /* fw_home.html */,
			);
			path = FileWatcher;
			sourceTree = "<group>";
		};
/* End PBXGroup section */

/* Begin PBXNativeTarget section */
		D99470C12887CF820054F7AF /* FileWatcher */ = {
			isa = PBXNativeTarget;
			buildConfigurationList = D99470D52887CF860054F7AF /* Build configuration list for PBXNativeTarget "FileWatcher" */;
			buildPhases = (
				25892DFDE4C712B107791D90 /* [CP] Check Pods Manifest.lock */,
				D99470BE2887CF820054F7AF /* Sources */,
				D99470BF2887CF820054F7AF /* Frameworks */,
				D99470C02887CF820054F7AF /* Resources */,
			);
			buildRules = (
			);
			dependencies = (
			);
			name = FileWatcher;
			productName = FileWatcher;
			productReference = D99470C22887CF820054F7AF /* FileWatcher.app */;
			productType = "com.apple.product-type.application";
		};
/* End PBXNativeTarget section */

/* Begin PBXProject section */
		D99470BA2887CF820054F7AF /* Project object */ = {
			isa = PBXProject;
			attributes = {
				BuildIndependentTargetsInParallel = 1;
				LastUpgradeCheck = 1330;
				TargetAttributes = {
					D99470C12887CF820054F7AF = {
						CreatedOnToolsVersion = 13.3.1;
					};
				};
			};
			buildConfigurationList = D99470BD2887CF820054F7AF /* Build configuration list for PBXProject "FileWatcher" */;
			compatibilityVersion = "Xcode 13.0";
			developmentRegion = en;
			hasScannedForEncodings = 0;
			knownRegions = (
				en,
				Base,
			);
			mainGroup = D99470B92887CF820054F7AF;
			productRefGroup = D99470C32887CF820054F7AF /* Products */;
			projectDirPath = "";
			projectRoot = "";
			targets = (
				D99470C12887CF820054F7AF /* FileWatcher */,
			);
		};
/* End PBXProject section */

/* Begin PBXResourcesBuildPhase section */
		D99470C02887CF820054F7AF /* Resources */ = {
			isa = PBXResourcesBuildPhase;
			buildActionMask = 2147483647;
			files = (
				D99470CC2887CF860054F7AF /* Assets.xcassets in Resources */,
				D91E76EF2AEF542500FA7491 /* fw_home.html in Resources */,
				D99470CF2887CF860054F7AF /* Main.storyboard in Resources */,
			);
			runOnlyForDeploymentPostprocessing = 0;
		};
/* End PBXResourcesBuildPhase section */

/* Begin PBXShellScriptBuildPhase section */
		25892DFDE4C712B107791D90 /* [CP] Check Pods Manifest.lock */ = {
			isa = PBXShellScriptBuildPhase;
			buildActionMask = 2147483647;
			files = (
			);
			inputFileListPaths = (
			);
			inputPaths = (
				"${PODS_PODFILE_DIR_PATH}/Podfile.lock",
				"${PODS_ROOT}/Manifest.lock",
			);
			name = "[CP] Check Pods Manifest.lock";
			outputFileListPaths = (
			);
			outputPaths = (
				"$(DERIVED_FILE_DIR)/Pods-FileWatcher-checkManifestLockResult.txt",
			);
			runOnlyForDeploymentPostprocessing = 0;
			shellPath = /bin/sh;
			shellScript = "diff \"${PODS_PODFILE_DIR_PATH}/Podfile.lock\" \"${PODS_ROOT}/Manifest.lock\" > /dev/null\nif [ $? != 0 ] ; then\n    # print error to STDERR\n    echo \"error: The sandbox is not in sync with the Podfile.lock. Run 'pod install' or update your CocoaPods installation.\" >&2\n    exit 1\nfi\n# This output is used by Xcode 'outputs' to avoid re-running this script phase.\necho \"SUCCESS\" > \"${SCRIPT_OUTPUT_FILE_0}\"\n";
			showEnvVarsInLog = 0;
		};
/* End PBXShellScriptBuildPhase section */

/* Begin PBXSourcesBuildPhase section */
		D99470BE2887CF820054F7AF /* Sources */ = {
			isa = PBXSourcesBuildPhase;
			buildActionMask = 2147483647;
			files = (
				D91E76EA2AEF498900FA7491 /* DDRange.m in Sources */,
				D99470DA2887D4840054F7AF /* FileWatcherManager.m in Sources */,
				D91E76E22AEF498900FA7491 /* HTTPConnection.m in Sources */,
				D99470D12887CF860054F7AF /* main.m in Sources */,
				D91E76E72AEF498900FA7491 /* HTTPAuthenticationRequest.m in Sources */,
				D91E76DC2AEF498900FA7491 /* HTTPDataResponse.m in Sources */,
				D91E76DF2AEF498900FA7491 /* HTTPAsyncFileResponse.m in Sources */,
				D99470C72887CF820054F7AF /* AppDelegate.m in Sources */,
				D91E76EB2AEF498900FA7491 /* HTTPServer.m in Sources */,
				D91E76E62AEF498900FA7491 /* MultipartMessageHeader.m in Sources */,
				D9148860288A525C00016833 /* FileWatcherUtil.m in Sources */,
				D91E76EC2AEF498900FA7491 /* KZHTTPDataResponse.m in Sources */,
				D91E76E82AEF498900FA7491 /* DDNumber.m in Sources */,
				D91E76A82AEBB3D800FA7491 /* PYSeverUtil.m in Sources */,
				D91E76DE2AEF498900FA7491 /* HTTPFileResponse.m in Sources */,
				D91E76E52AEF498900FA7491 /* MultipartFormDataParser.m in Sources */,
				D91E76E02AEF498900FA7491 /* HTTPRedirectResponse.m in Sources */,
				D91E76DB2AEF498900FA7491 /* HTTPErrorResponse.m in Sources */,
				D91E76A42AEBB3AB00FA7491 /* SEResult.m in Sources */,
				D91E76ED2AEF498900FA7491 /* KZServerManager.m in Sources */,
				D91E76DD2AEF498900FA7491 /* HTTPDynamicFileResponse.m in Sources */,
				D91E76DA2AEF498900FA7491 /* KZHTTPConnection.m in Sources */,
				D91E76E42AEF498900FA7491 /* MultipartMessageHeaderField.m in Sources */,
				D91E76E12AEF498900FA7491 /* HTTPMessage.m in Sources */,
				D99470E9288805C50054F7AF /* FileWatcherSocketManager.m in Sources */,
				D91E76E92AEF498900FA7491 /* DDData.m in Sources */,
				D91E76A52AEBB3AB00FA7491 /* STPrivilegedTask.m in Sources */,
				D91E76E32AEF498900FA7491 /* WebSocket.m in Sources */,
			);
			runOnlyForDeploymentPostprocessing = 0;
		};
/* End PBXSourcesBuildPhase section */

/* Begin PBXVariantGroup section */
		D99470CD2887CF860054F7AF /* Main.storyboard */ = {
			isa = PBXVariantGroup;
			children = (
				D99470CE2887CF860054F7AF /* Base */,
			);
			name = Main.storyboard;
			sourceTree = "<group>";
		};
/* End PBXVariantGroup section */

/* Begin XCBuildConfiguration section */
		D99470D32887CF860054F7AF /* Debug */ = {
			isa = XCBuildConfiguration;
			buildSettings = {
				ALWAYS_SEARCH_USER_PATHS = NO;
				CLANG_ANALYZER_NONNULL = YES;
				CLANG_ANALYZER_NUMBER_OBJECT_CONVERSION = YES_AGGRESSIVE;
				CLANG_CXX_LANGUAGE_STANDARD = "gnu++17";
				CLANG_ENABLE_MODULES = YES;
				CLANG_ENABLE_OBJC_ARC = YES;
				CLANG_ENABLE_OBJC_WEAK = YES;
				CLANG_WARN_BLOCK_CAPTURE_AUTORELEASING = YES;
				CLANG_WARN_BOOL_CONVERSION = YES;
				CLANG_WARN_COMMA = YES;
				CLANG_WARN_CONSTANT_CONVERSION = YES;
				CLANG_WARN_DEPRECATED_OBJC_IMPLEMENTATIONS = YES;
				CLANG_WARN_DIRECT_OBJC_ISA_USAGE = YES_ERROR;
				CLANG_WARN_DOCUMENTATION_COMMENTS = YES;
				CLANG_WARN_EMPTY_BODY = YES;
				CLANG_WARN_ENUM_CONVERSION = YES;
				CLANG_WARN_INFINITE_RECURSION = YES;
				CLANG_WARN_INT_CONVERSION = YES;
				CLANG_WARN_NON_LITERAL_NULL_CONVERSION = YES;
				CLANG_WARN_OBJC_IMPLICIT_RETAIN_SELF = YES;
				CLANG_WARN_OBJC_LITERAL_CONVERSION = YES;
				CLANG_WARN_OBJC_ROOT_CLASS = YES_ERROR;
				CLANG_WARN_QUOTED_INCLUDE_IN_FRAMEWORK_HEADER = YES;
				CLANG_WARN_RANGE_LOOP_ANALYSIS = YES;
				CLANG_WARN_STRICT_PROTOTYPES = YES;
				CLANG_WARN_SUSPICIOUS_MOVE = YES;
				CLANG_WARN_UNGUARDED_AVAILABILITY = YES_AGGRESSIVE;
				CLANG_WARN_UNREACHABLE_CODE = YES;
				CLANG_WARN__DUPLICATE_METHOD_MATCH = YES;
				COPY_PHASE_STRIP = NO;
				DEBUG_INFORMATION_FORMAT = dwarf;
				ENABLE_STRICT_OBJC_MSGSEND = YES;
				ENABLE_TESTABILITY = YES;
				GCC_C_LANGUAGE_STANDARD = gnu11;
				GCC_DYNAMIC_NO_PIC = NO;
				GCC_NO_COMMON_BLOCKS = YES;
				GCC_OPTIMIZATION_LEVEL = 0;
				GCC_PREPROCESSOR_DEFINITIONS = (
					"DEBUG=1",
					"$(inherited)",
				);
				GCC_WARN_64_TO_32_BIT_CONVERSION = YES;
				GCC_WARN_ABOUT_RETURN_TYPE = YES_ERROR;
				GCC_WARN_UNDECLARED_SELECTOR = YES;
				GCC_WARN_UNINITIALIZED_AUTOS = YES_AGGRESSIVE;
				GCC_WARN_UNUSED_FUNCTION = YES;
				GCC_WARN_UNUSED_VARIABLE = YES;
				MACOSX_DEPLOYMENT_TARGET = 12.2;
				MTL_ENABLE_DEBUG_INFO = INCLUDE_SOURCE;
				MTL_FAST_MATH = YES;
				ONLY_ACTIVE_ARCH = YES;
				SDKROOT = macosx;
			};
			name = Debug;
		};
		D99470D42887CF860054F7AF /* Release */ = {
			isa = XCBuildConfiguration;
			buildSettings = {
				ALWAYS_SEARCH_USER_PATHS = NO;
				CLANG_ANALYZER_NONNULL = YES;
				CLANG_ANALYZER_NUMBER_OBJECT_CONVERSION = YES_AGGRESSIVE;
				CLANG_CXX_LANGUAGE_STANDARD = "gnu++17";
				CLANG_ENABLE_MODULES = YES;
				CLANG_ENABLE_OBJC_ARC = YES;
				CLANG_ENABLE_OBJC_WEAK = YES;
				CLANG_WARN_BLOCK_CAPTURE_AUTORELEASING = YES;
				CLANG_WARN_BOOL_CONVERSION = YES;
				CLANG_WARN_COMMA = YES;
				CLANG_WARN_CONSTANT_CONVERSION = YES;
				CLANG_WARN_DEPRECATED_OBJC_IMPLEMENTATIONS = YES;
				CLANG_WARN_DIRECT_OBJC_ISA_USAGE = YES_ERROR;
				CLANG_WARN_DOCUMENTATION_COMMENTS = YES;
				CLANG_WARN_EMPTY_BODY = YES;
				CLANG_WARN_ENUM_CONVERSION = YES;
				CLANG_WARN_INFINITE_RECURSION = YES;
				CLANG_WARN_INT_CONVERSION = YES;
				CLANG_WARN_NON_LITERAL_NULL_CONVERSION = YES;
				CLANG_WARN_OBJC_IMPLICIT_RETAIN_SELF = YES;
				CLANG_WARN_OBJC_LITERAL_CONVERSION = YES;
				CLANG_WARN_OBJC_ROOT_CLASS = YES_ERROR;
				CLANG_WARN_QUOTED_INCLUDE_IN_FRAMEWORK_HEADER = YES;
				CLANG_WARN_RANGE_LOOP_ANALYSIS = YES;
				CLANG_WARN_STRICT_PROTOTYPES = YES;
				CLANG_WARN_SUSPICIOUS_MOVE = YES;
				CLANG_WARN_UNGUARDED_AVAILABILITY = YES_AGGRESSIVE;
				CLANG_WARN_UNREACHABLE_CODE = YES;
				CLANG_WARN__DUPLICATE_METHOD_MATCH = YES;
				COPY_PHASE_STRIP = NO;
				DEBUG_INFORMATION_FORMAT = "dwarf-with-dsym";
				ENABLE_NS_ASSERTIONS = NO;
				ENABLE_STRICT_OBJC_MSGSEND = YES;
				GCC_C_LANGUAGE_STANDARD = gnu11;
				GCC_NO_COMMON_BLOCKS = YES;
				GCC_WARN_64_TO_32_BIT_CONVERSION = YES;
				GCC_WARN_ABOUT_RETURN_TYPE = YES_ERROR;
				GCC_WARN_UNDECLARED_SELECTOR = YES;
				GCC_WARN_UNINITIALIZED_AUTOS = YES_AGGRESSIVE;
				GCC_WARN_UNUSED_FUNCTION = YES;
				GCC_WARN_UNUSED_VARIABLE = YES;
				MACOSX_DEPLOYMENT_TARGET = 12.2;
				MTL_ENABLE_DEBUG_INFO = NO;
				MTL_FAST_MATH = YES;
				SDKROOT = macosx;
			};
			name = Release;
		};
		D99470D62887CF860054F7AF /* Debug */ = {
			isa = XCBuildConfiguration;
			baseConfigurationReference = 9BFE078CA240987738BA7A62 /* Pods-FileWatcher.debug.xcconfig */;
			buildSettings = {
				ASSETCATALOG_COMPILER_APPICON_NAME = AppIcon;
				ASSETCATALOG_COMPILER_GLOBAL_ACCENT_COLOR_NAME = AccentColor;
				CODE_SIGN_ENTITLEMENTS = FileWatcher/FileWatcher.entitlements;
				CODE_SIGN_STYLE = Automatic;
				COMBINE_HIDPI_IMAGES = YES;
				CURRENT_PROJECT_VERSION = 1;
				DEVELOPMENT_TEAM = Z5Z8637SP3;
				ENABLE_HARDENED_RUNTIME = YES;
				GCC_PREFIX_HEADER = "$(SRCROOT)/FileWatcher/PrefixHeader.pch";
				GENERATE_INFOPLIST_FILE = YES;
				INFOPLIST_FILE = FileWatcher/Info.plist;
				INFOPLIST_KEY_LSUIElement = YES;
				INFOPLIST_KEY_NSHumanReadableCopyright = "";
				INFOPLIST_KEY_NSMainStoryboardFile = Main;
				INFOPLIST_KEY_NSPrincipalClass = NSApplication;
				LD_RUNPATH_SEARCH_PATHS = (
					"$(inherited)",
					"@executable_path/../Frameworks",
				);
				MACOSX_DEPLOYMENT_TARGET = 11.0;
				MARKETING_VERSION = 1.1;
				PRODUCT_BUNDLE_IDENTIFIER = com.zhouxing.FileWatcher;
				PRODUCT_NAME = "$(TARGET_NAME)";
				SWIFT_EMIT_LOC_STRINGS = YES;
			};
			name = Debug;
		};
		D99470D72887CF860054F7AF /* Release */ = {
			isa = XCBuildConfiguration;
			baseConfigurationReference = 107B478F2DA879192F274C4B /* Pods-FileWatcher.release.xcconfig */;
			buildSettings = {
				ASSETCATALOG_COMPILER_APPICON_NAME = AppIcon;
				ASSETCATALOG_COMPILER_GLOBAL_ACCENT_COLOR_NAME = AccentColor;
				CODE_SIGN_ENTITLEMENTS = FileWatcher/FileWatcher.entitlements;
				CODE_SIGN_STYLE = Automatic;
				COMBINE_HIDPI_IMAGES = YES;
				CURRENT_PROJECT_VERSION = 1;
				DEVELOPMENT_TEAM = Z5Z8637SP3;
				ENABLE_HARDENED_RUNTIME = YES;
				GCC_PREFIX_HEADER = "$(SRCROOT)/FileWatcher/PrefixHeader.pch";
				GENERATE_INFOPLIST_FILE = YES;
				INFOPLIST_FILE = FileWatcher/Info.plist;
				INFOPLIST_KEY_LSUIElement = YES;
				INFOPLIST_KEY_NSHumanReadableCopyright = "";
				INFOPLIST_KEY_NSMainStoryboardFile = Main;
				INFOPLIST_KEY_NSPrincipalClass = NSApplication;
				LD_RUNPATH_SEARCH_PATHS = (
					"$(inherited)",
					"@executable_path/../Frameworks",
				);
				MACOSX_DEPLOYMENT_TARGET = 11.0;
				MARKETING_VERSION = 1.1;
				PRODUCT_BUNDLE_IDENTIFIER = com.zhouxing.FileWatcher;
				PRODUCT_NAME = "$(TARGET_NAME)";
				SWIFT_EMIT_LOC_STRINGS = YES;
			};
			name = Release;
		};
/* End XCBuildConfiguration section */

/* Begin XCConfigurationList section */
		D99470BD2887CF820054F7AF /* Build configuration list for PBXProject "FileWatcher" */ = {
			isa = XCConfigurationList;
			buildConfigurations = (
				D99470D32887CF860054F7AF /* Debug */,
				D99470D42887CF860054F7AF /* Release */,
			);
			defaultConfigurationIsVisible = 0;
			defaultConfigurationName = Release;
		};
		D99470D52887CF860054F7AF /* Build configuration list for PBXNativeTarget "FileWatcher" */ = {
			isa = XCConfigurationList;
			buildConfigurations = (
				D99470D62887CF860054F7AF /* Debug */,
				D99470D72887CF860054F7AF /* Release */,
			);
			defaultConfigurationIsVisible = 0;
			defaultConfigurationName = Release;
		};
/* End XCConfigurationList section */
	};
	rootObject = D99470BA2887CF820054F7AF /* Project object */;
}
