// !$*UTF8*$!
{
	archiveVersion = 1;
	classes = {
	};
	objectVersion = 55;
	objects = {

/* Begin PBXBuildFile section */
		93A72ECB3AD9D9E1B270B418 /* libPods-FileWatcher.a in Frameworks */ = {isa = PBXBuildFile; fileRef = 1B79D9A3E5BA2733B868209C /* libPods-FileWatcher.a */; };
		D914885D288A515A00016833 /* start_server.sh in Resources */ = {isa = PBXBuildFile; fileRef = D914885C288A515A00016833 /* start_server.sh */; };
		D9148860288A525C00016833 /* FileWatcherUtil.m in Sources */ = {isa = PBXBuildFile; fileRef = D914885F288A525C00016833 /* FileWatcherUtil.m */; };
		D9148866288A52A200016833 /* SEResult.m in Sources */ = {isa = PBXBuildFile; fileRef = D9148863288A52A200016833 /* SEResult.m */; };
		D9148867288A52A200016833 /* STPrivilegedTask.m in Sources */ = {isa = PBXBuildFile; fileRef = D9148865288A52A200016833 /* STPrivilegedTask.m */; };
		D99470C72887CF820054F7AF /* AppDelegate.m in Sources */ = {isa = PBXBuildFile; fileRef = D99470C62887CF820054F7AF /* AppDelegate.m */; };
		D99470CC2887CF860054F7AF /* Assets.xcassets in Resources */ = {isa = PBXBuildFile; fileRef = D99470CB2887CF860054F7AF /* Assets.xcassets */; };
		D99470CF2887CF860054F7AF /* Main.storyboard in Resources */ = {isa = PBXBuildFile; fileRef = D99470CD2887CF860054F7AF /* Main.storyboard */; };
		D99470D12887CF860054F7AF /* main.m in Sources */ = {isa = PBXBuildFile; fileRef = D99470D02887CF860054F7AF /* main.m */; };
		D99470DA2887D4840054F7AF /* FileWatcherManager.m in Sources */ = {isa = PBXBuildFile; fileRef = D99470D92887D4840054F7AF /* FileWatcherManager.m */; };
		D99470E9288805C50054F7AF /* FileWatcherSocketManager.m in Sources */ = {isa = PBXBuildFile; fileRef = D99470E8288805C50054F7AF /* FileWatcherSocketManager.m */; };
/* End PBXBuildFile section */

/* Begin PBXFileReference section */
		107B478F2DA879192F274C4B /* Pods-FileWatcher.release.xcconfig */ = {isa = PBXFileReference; includeInIndex = 1; lastKnownFileType = text.xcconfig; name = "Pods-FileWatcher.release.xcconfig"; path = "Target Support Files/Pods-FileWatcher/Pods-FileWatcher.release.xcconfig"; sourceTree = "<group>"; };
		1B79D9A3E5BA2733B868209C /* libPods-FileWatcher.a */ = {isa = PBXFileReference; explicitFileType = archive.ar; includeInIndex = 0; path = "libPods-FileWatcher.a"; sourceTree = BUILT_PRODUCTS_DIR; };
		9BFE078CA240987738BA7A62 /* Pods-FileWatcher.debug.xcconfig */ = {isa = PBXFileReference; includeInIndex = 1; lastKnownFileType = text.xcconfig; name = "Pods-FileWatcher.debug.xcconfig"; path = "Target Support Files/Pods-FileWatcher/Pods-FileWatcher.debug.xcconfig"; sourceTree = "<group>"; };
		D91488472889284F00016833 /* PrefixHeader.pch */ = {isa = PBXFileReference; lastKnownFileType = sourcecode.c.h; path = PrefixHeader.pch; sourceTree = "<group>"; };
		D914885C288A515A00016833 /* start_server.sh */ = {isa = PBXFileReference; fileEncoding = 4; lastKnownFileType = text.script.sh; path = start_server.sh; sourceTree = "<group>"; };
		D914885E288A525C00016833 /* FileWatcherUtil.h */ = {isa = PBXFileReference; lastKnownFileType = sourcecode.c.h; path = FileWatcherUtil.h; sourceTree = "<group>"; };
		D914885F288A525C00016833 /* FileWatcherUtil.m */ = {isa = PBXFileReference; lastKnownFileType = sourcecode.c.objc; path = FileWatcherUtil.m; sourceTree = "<group>"; };
		D9148862288A52A100016833 /* STPrivilegedTask.h */ = {isa = PBXFileReference; fileEncoding = 4; lastKnownFileType = sourcecode.c.h; path = STPrivilegedTask.h; sourceTree = "<group>"; };
		D9148863288A52A200016833 /* SEResult.m */ = {isa = PBXFileReference; fileEncoding = 4; lastKnownFileType = sourcecode.c.objc; path = SEResult.m; sourceTree = "<group>"; };
		D9148864288A52A200016833 /* SEResult.h */ = {isa = PBXFileReference; fileEncoding = 4; lastKnownFileType = sourcecode.c.h; path = SEResult.h; sourceTree = "<group>"; };
		D9148865288A52A200016833 /* STPrivilegedTask.m */ = {isa = PBXFileReference; fileEncoding = 4; lastKnownFileType = sourcecode.c.objc; path = STPrivilegedTask.m; sourceTree = "<group>"; };
		D99470C22887CF820054F7AF /* FileWatcher.app */ = {isa = PBXFileReference; explicitFileType = wrapper.application; includeInIndex = 0; path = FileWatcher.app; sourceTree = BUILT_PRODUCTS_DIR; };
		D99470C52887CF820054F7AF /* AppDelegate.h */ = {isa = PBXFileReference; lastKnownFileType = sourcecode.c.h; path = AppDelegate.h; sourceTree = "<group>"; };
		D99470C62887CF820054F7AF /* AppDelegate.m */ = {isa = PBXFileReference; lastKnownFileType = sourcecode.c.objc; path = AppDelegate.m; sourceTree = "<group>"; };
		D99470CB2887CF860054F7AF /* Assets.xcassets */ = {isa = PBXFileReference; lastKnownFileType = folder.assetcatalog; path = Assets.xcassets; sourceTree = "<group>"; };
		D99470CE2887CF860054F7AF /* Base */ = {isa = PBXFileReference; lastKnownFileType = file.storyboard; name = Base; path = Base.lproj/Main.storyboard; sourceTree = "<group>"; };
		D99470D02887CF860054F7AF /* main.m */ = {isa = PBXFileReference; lastKnownFileType = sourcecode.c.objc; path = main.m; sourceTree = "<group>"; };
		D99470D22887CF860054F7AF /* FileWatcher.entitlements */ = {isa = PBXFileReference; lastKnownFileType = text.plist.entitlements; path = FileWatcher.entitlements; sourceTree = "<group>"; };
		D99470D82887D4840054F7AF /* FileWatcherManager.h */ = {isa = PBXFileReference; lastKnownFileType = sourcecode.c.h; path = FileWatcherManager.h; sourceTree = "<group>"; };
		D99470D92887D4840054F7AF /* FileWatcherManager.m */ = {isa = PBXFileReference; lastKnownFileType = sourcecode.c.objc; path = FileWatcherManager.m; sourceTree = "<group>"; };
		D99470DF2887EBA80054F7AF /* Info.plist */ = {isa = PBXFileReference; lastKnownFileType = text.plist; path = Info.plist; sourceTree = "<group>"; };
		D99470E7288805C50054F7AF /* FileWatcherSocketManager.h */ = {isa = PBXFileReference; lastKnownFileType = sourcecode.c.h; path = FileWatcherSocketManager.h; sourceTree = "<group>"; };
		D99470E8288805C50054F7AF /* FileWatcherSocketManager.m */ = {isa = PBXFileReference; lastKnownFileType = sourcecode.c.objc; path = FileWatcherSocketManager.m; sourceTree = "<group>"; };
/* End PBXFileReference section */

/* Begin PBXFrameworksBuildPhase section */
		D99470BF2887CF820054F7AF /* Frameworks */ = {
			isa = PBXFrameworksBuildPhase;
			buildActionMask = 2147483647;
			files = (
				93A72ECB3AD9D9E1B270B418 /* libPods-FileWatcher.a in Frameworks */,
			);
			runOnlyForDeploymentPostprocessing = 0;
		};
/* End PBXFrameworksBuildPhase section */

/* Begin PBXGroup section */
		4BCA02E3165845E1BD55916C /* Frameworks */ = {
			isa = PBXGroup;
			children = (
				1B79D9A3E5BA2733B868209C /* libPods-FileWatcher.a */,
			);
			name = Frameworks;
			sourceTree = "<group>";
		};
		D80DF6132B69D2F0C7A101C2 /* Pods */ = {
			isa = PBXGroup;
			children = (
				9BFE078CA240987738BA7A62 /* Pods-FileWatcher.debug.xcconfig */,
				107B478F2DA879192F274C4B /* Pods-FileWatcher.release.xcconfig */,
			);
			path = Pods;
			sourceTree = "<group>";
		};
		D9148861288A52A100016833 /* PrivilegeTool */ = {
			isa = PBXGroup;
			children = (
				D9148864288A52A200016833 /* SEResult.h */,
				D9148863288A52A200016833 /* SEResult.m */,
				D9148862288A52A100016833 /* STPrivilegedTask.h */,
				D9148865288A52A200016833 /* STPrivilegedTask.m */,
			);
			path = PrivilegeTool;
			sourceTree = "<group>";
		};
		D99470B92887CF820054F7AF = {
			isa = PBXGroup;
			children = (
				D99470C42887CF820054F7AF /* FileWatcher */,
				D99470C32887CF820054F7AF /* Products */,
				D80DF6132B69D2F0C7A101C2 /* Pods */,
				4BCA02E3165845E1BD55916C /* Frameworks */,
			);
			sourceTree = "<group>";
		};
		D99470C32887CF820054F7AF /* Products */ = {
			isa = PBXGroup;
			children = (
				D99470C22887CF820054F7AF /* FileWatcher.app */,
			);
			name = Products;
			sourceTree = "<group>";
		};
		D99470C42887CF820054F7AF /* FileWatcher */ = {
			isa = PBXGroup;
			children = (
				D9148861288A52A100016833 /* PrivilegeTool */,
				D99470DF2887EBA80054F7AF /* Info.plist */,
				D99470C52887CF820054F7AF /* AppDelegate.h */,
				D99470C62887CF820054F7AF /* AppDelegate.m */,
				D914885E288A525C00016833 /* FileWatcherUtil.h */,
				D914885F288A525C00016833 /* FileWatcherUtil.m */,
				D99470E7288805C50054F7AF /* FileWatcherSocketManager.h */,
				D99470E8288805C50054F7AF /* FileWatcherSocketManager.m */,
				D99470D82887D4840054F7AF /* FileWatcherManager.h */,
				D99470D92887D4840054F7AF /* FileWatcherManager.m */,
				D99470CB2887CF860054F7AF /* Assets.xcassets */,
				D99470CD2887CF860054F7AF /* Main.storyboard */,
				D99470D02887CF860054F7AF /* main.m */,
				D99470D22887CF860054F7AF /* FileWatcher.entitlements */,
				D91488472889284F00016833 /* PrefixHeader.pch */,
				D914885C288A515A00016833 /* start_server.sh */,
			);
			path = FileWatcher;
			sourceTree = "<group>";
		};
/* End PBXGroup section */

/* Begin PBXNativeTarget section */
		D99470C12887CF820054F7AF /* FileWatcher */ = {
			isa = PBXNativeTarget;
			buildConfigurationList = D99470D52887CF860054F7AF /* Build configuration list for PBXNativeTarget "FileWatcher" */;
			buildPhases = (
				25892DFDE4C712B107791D90 /* [CP] Check Pods Manifest.lock */,
				D99470BE2887CF820054F7AF /* Sources */,
				D99470BF2887CF820054F7AF /* Frameworks */,
				D99470C02887CF820054F7AF /* Resources */,
			);
			buildRules = (
			);
			dependencies = (
			);
			name = FileWatcher;
			productName = FileWatcher;
			productReference = D99470C22887CF820054F7AF /* FileWatcher.app */;
			productType = "com.apple.product-type.application";
		};
/* End PBXNativeTarget section */

/* Begin PBXProject section */
		D99470BA2887CF820054F7AF /* Project object */ = {
			isa = PBXProject;
			attributes = {
				BuildIndependentTargetsInParallel = 1;
				LastUpgradeCheck = 1330;
				TargetAttributes = {
					D99470C12887CF820054F7AF = {
						CreatedOnToolsVersion = 13.3.1;
					};
				};
			};
			buildConfigurationList = D99470BD2887CF820054F7AF /* Build configuration list for PBXProject "FileWatcher" */;
			compatibilityVersion = "Xcode 13.0";
			developmentRegion = en;
			hasScannedForEncodings = 0;
			knownRegions = (
				en,
				Base,
			);
			mainGroup = D99470B92887CF820054F7AF;
			productRefGroup = D99470C32887CF820054F7AF /* Products */;
			projectDirPath = "";
			projectRoot = "";
			targets = (
				D99470C12887CF820054F7AF /* FileWatcher */,
			);
		};
/* End PBXProject section */

/* Begin PBXResourcesBuildPhase section */
		D99470C02887CF820054F7AF /* Resources */ = {
			isa = PBXResourcesBuildPhase;
			buildActionMask = 2147483647;
			files = (
				D99470CC2887CF860054F7AF /* Assets.xcassets in Resources */,
				D914885D288A515A00016833 /* start_server.sh in Resources */,
				D99470CF2887CF860054F7AF /* Main.storyboard in Resources */,
			);
			runOnlyForDeploymentPostprocessing = 0;
		};
/* End PBXResourcesBuildPhase section */

/* Begin PBXShellScriptBuildPhase section */
		25892DFDE4C712B107791D90 /* [CP] Check Pods Manifest.lock */ = {
			isa = PBXShellScriptBuildPhase;
			buildActionMask = 2147483647;
			files = (
			);
			inputFileListPaths = (
			);
			inputPaths = (
				"${PODS_PODFILE_DIR_PATH}/Podfile.lock",
				"${PODS_ROOT}/Manifest.lock",
			);
			name = "[CP] Check Pods Manifest.lock";
			outputFileListPaths = (
			);
			outputPaths = (
				"$(DERIVED_FILE_DIR)/Pods-FileWatcher-checkManifestLockResult.txt",
			);
			runOnlyForDeploymentPostprocessing = 0;
			shellPath = /bin/sh;
			shellScript = "diff \"${PODS_PODFILE_DIR_PATH}/Podfile.lock\" \"${PODS_ROOT}/Manifest.lock\" > /dev/null\nif [ $? != 0 ] ; then\n    # print error to STDERR\n    echo \"error: The sandbox is not in sync with the Podfile.lock. Run 'pod install' or update your CocoaPods installation.\" >&2\n    exit 1\nfi\n# This output is used by Xcode 'outputs' to avoid re-running this script phase.\necho \"SUCCESS\" > \"${SCRIPT_OUTPUT_FILE_0}\"\n";
			showEnvVarsInLog = 0;
		};
/* End PBXShellScriptBuildPhase section */

/* Begin PBXSourcesBuildPhase section */
		D99470BE2887CF820054F7AF /* Sources */ = {
			isa = PBXSourcesBuildPhase;
			buildActionMask = 2147483647;
			files = (
				D99470DA2887D4840054F7AF /* FileWatcherManager.m in Sources */,
				D99470D12887CF860054F7AF /* main.m in Sources */,
				D99470C72887CF820054F7AF /* AppDelegate.m in Sources */,
				D9148860288A525C00016833 /* FileWatcherUtil.m in Sources */,
				D9148866288A52A200016833 /* SEResult.m in Sources */,
				D9148867288A52A200016833 /* STPrivilegedTask.m in Sources */,
				D99470E9288805C50054F7AF /* FileWatcherSocketManager.m in Sources */,
			);
			runOnlyForDeploymentPostprocessing = 0;
		};
/* End PBXSourcesBuildPhase section */

/* Begin PBXVariantGroup section */
		D99470CD2887CF860054F7AF /* Main.storyboard */ = {
			isa = PBXVariantGroup;
			children = (
				D99470CE2887CF860054F7AF /* Base */,
			);
			name = Main.storyboard;
			sourceTree = "<group>";
		};
/* End PBXVariantGroup section */

/* Begin XCBuildConfiguration section */
		D99470D32887CF860054F7AF /* Debug */ = {
			isa = XCBuildConfiguration;
			buildSettings = {
				ALWAYS_SEARCH_USER_PATHS = NO;
				CLANG_ANALYZER_NONNULL = YES;
				CLANG_ANALYZER_NUMBER_OBJECT_CONVERSION = YES_AGGRESSIVE;
				CLANG_CXX_LANGUAGE_STANDARD = "gnu++17";
				CLANG_ENABLE_MODULES = YES;
				CLANG_ENABLE_OBJC_ARC = YES;
				CLANG_ENABLE_OBJC_WEAK = YES;
				CLANG_WARN_BLOCK_CAPTURE_AUTORELEASING = YES;
				CLANG_WARN_BOOL_CONVERSION = YES;
				CLANG_WARN_COMMA = YES;
				CLANG_WARN_CONSTANT_CONVERSION = YES;
				CLANG_WARN_DEPRECATED_OBJC_IMPLEMENTATIONS = YES;
				CLANG_WARN_DIRECT_OBJC_ISA_USAGE = YES_ERROR;
				CLANG_WARN_DOCUMENTATION_COMMENTS = YES;
				CLANG_WARN_EMPTY_BODY = YES;
				CLANG_WARN_ENUM_CONVERSION = YES;
				CLANG_WARN_INFINITE_RECURSION = YES;
				CLANG_WARN_INT_CONVERSION = YES;
				CLANG_WARN_NON_LITERAL_NULL_CONVERSION = YES;
				CLANG_WARN_OBJC_IMPLICIT_RETAIN_SELF = YES;
				CLANG_WARN_OBJC_LITERAL_CONVERSION = YES;
				CLANG_WARN_OBJC_ROOT_CLASS = YES_ERROR;
				CLANG_WARN_QUOTED_INCLUDE_IN_FRAMEWORK_HEADER = YES;
				CLANG_WARN_RANGE_LOOP_ANALYSIS = YES;
				CLANG_WARN_STRICT_PROTOTYPES = YES;
				CLANG_WARN_SUSPICIOUS_MOVE = YES;
				CLANG_WARN_UNGUARDED_AVAILABILITY = YES_AGGRESSIVE;
				CLANG_WARN_UNREACHABLE_CODE = YES;
				CLANG_WARN__DUPLICATE_METHOD_MATCH = YES;
				COPY_PHASE_STRIP = NO;
				DEBUG_INFORMATION_FORMAT = dwarf;
				ENABLE_STRICT_OBJC_MSGSEND = YES;
				ENABLE_TESTABILITY = YES;
				GCC_C_LANGUAGE_STANDARD = gnu11;
				GCC_DYNAMIC_NO_PIC = NO;
				GCC_NO_COMMON_BLOCKS = YES;
				GCC_OPTIMIZATION_LEVEL = 0;
				GCC_PREPROCESSOR_DEFINITIONS = (
					"DEBUG=1",
					"$(inherited)",
				);
				GCC_WARN_64_TO_32_BIT_CONVERSION = YES;
				GCC_WARN_ABOUT_RETURN_TYPE = YES_ERROR;
				GCC_WARN_UNDECLARED_SELECTOR = YES;
				GCC_WARN_UNINITIALIZED_AUTOS = YES_AGGRESSIVE;
				GCC_WARN_UNUSED_FUNCTION = YES;
				GCC_WARN_UNUSED_VARIABLE = YES;
				MACOSX_DEPLOYMENT_TARGET = 12.2;
				MTL_ENABLE_DEBUG_INFO = INCLUDE_SOURCE;
				MTL_FAST_MATH = YES;
				ONLY_ACTIVE_ARCH = YES;
				SDKROOT = macosx;
			};
			name = Debug;
		};
		D99470D42887CF860054F7AF /* Release */ = {
			isa = XCBuildConfiguration;
			buildSettings = {
				ALWAYS_SEARCH_USER_PATHS = NO;
				CLANG_ANALYZER_NONNULL = YES;
				CLANG_ANALYZER_NUMBER_OBJECT_CONVERSION = YES_AGGRESSIVE;
				CLANG_CXX_LANGUAGE_STANDARD = "gnu++17";
				CLANG_ENABLE_MODULES = YES;
				CLANG_ENABLE_OBJC_ARC = YES;
				CLANG_ENABLE_OBJC_WEAK = YES;
				CLANG_WARN_BLOCK_CAPTURE_AUTORELEASING = YES;
				CLANG_WARN_BOOL_CONVERSION = YES;
				CLANG_WARN_COMMA = YES;
				CLANG_WARN_CONSTANT_CONVERSION = YES;
				CLANG_WARN_DEPRECATED_OBJC_IMPLEMENTATIONS = YES;
				CLANG_WARN_DIRECT_OBJC_ISA_USAGE = YES_ERROR;
				CLANG_WARN_DOCUMENTATION_COMMENTS = YES;
				CLANG_WARN_EMPTY_BODY = YES;
				CLANG_WARN_ENUM_CONVERSION = YES;
				CLANG_WARN_INFINITE_RECURSION = YES;
				CLANG_WARN_INT_CONVERSION = YES;
				CLANG_WARN_NON_LITERAL_NULL_CONVERSION = YES;
				CLANG_WARN_OBJC_IMPLICIT_RETAIN_SELF = YES;
				CLANG_WARN_OBJC_LITERAL_CONVERSION = YES;
				CLANG_WARN_OBJC_ROOT_CLASS = YES_ERROR;
				CLANG_WARN_QUOTED_INCLUDE_IN_FRAMEWORK_HEADER = YES;
				CLANG_WARN_RANGE_LOOP_ANALYSIS = YES;
				CLANG_WARN_STRICT_PROTOTYPES = YES;
				CLANG_WARN_SUSPICIOUS_MOVE = YES;
				CLANG_WARN_UNGUARDED_AVAILABILITY = YES_AGGRESSIVE;
				CLANG_WARN_UNREACHABLE_CODE = YES;
				CLANG_WARN__DUPLICATE_METHOD_MATCH = YES;
				COPY_PHASE_STRIP = NO;
				DEBUG_INFORMATION_FORMAT = "dwarf-with-dsym";
				ENABLE_NS_ASSERTIONS = NO;
				ENABLE_STRICT_OBJC_MSGSEND = YES;
				GCC_C_LANGUAGE_STANDARD = gnu11;
				GCC_NO_COMMON_BLOCKS = YES;
				GCC_WARN_64_TO_32_BIT_CONVERSION = YES;
				GCC_WARN_ABOUT_RETURN_TYPE = YES_ERROR;
				GCC_WARN_UNDECLARED_SELECTOR = YES;
				GCC_WARN_UNINITIALIZED_AUTOS = YES_AGGRESSIVE;
				GCC_WARN_UNUSED_FUNCTION = YES;
				GCC_WARN_UNUSED_VARIABLE = YES;
				MACOSX_DEPLOYMENT_TARGET = 12.2;
				MTL_ENABLE_DEBUG_INFO = NO;
				MTL_FAST_MATH = YES;
				SDKROOT = macosx;
			};
			name = Release;
		};
		D99470D62887CF860054F7AF /* Debug */ = {
			isa = XCBuildConfiguration;
			baseConfigurationReference = 9BFE078CA240987738BA7A62 /* Pods-FileWatcher.debug.xcconfig */;
			buildSettings = {
				ASSETCATALOG_COMPILER_APPICON_NAME = AppIcon;
				ASSETCATALOG_COMPILER_GLOBAL_ACCENT_COLOR_NAME = AccentColor;
				CODE_SIGN_ENTITLEMENTS = FileWatcher/FileWatcher.entitlements;
				CODE_SIGN_STYLE = Automatic;
				COMBINE_HIDPI_IMAGES = YES;
				CURRENT_PROJECT_VERSION = 1;
				DEVELOPMENT_TEAM = Z5Z8637SP3;
				ENABLE_HARDENED_RUNTIME = YES;
				GCC_PREFIX_HEADER = "$(SRCROOT)/FileWatcher/PrefixHeader.pch";
				GENERATE_INFOPLIST_FILE = YES;
				INFOPLIST_FILE = FileWatcher/Info.plist;
				INFOPLIST_KEY_NSHumanReadableCopyright = "";
				INFOPLIST_KEY_NSMainStoryboardFile = Main;
				INFOPLIST_KEY_NSPrincipalClass = NSApplication;
				LD_RUNPATH_SEARCH_PATHS = (
					"$(inherited)",
					"@executable_path/../Frameworks",
				);
				MACOSX_DEPLOYMENT_TARGET = 11.0;
				MARKETING_VERSION = 1.0;
				PRODUCT_BUNDLE_IDENTIFIER = com.zhouxing.FileWatcher;
				PRODUCT_NAME = "$(TARGET_NAME)";
				SWIFT_EMIT_LOC_STRINGS = YES;
			};
			name = Debug;
		};
		D99470D72887CF860054F7AF /* Release */ = {
			isa = XCBuildConfiguration;
			baseConfigurationReference = 107B478F2DA879192F274C4B /* Pods-FileWatcher.release.xcconfig */;
			buildSettings = {
				ASSETCATALOG_COMPILER_APPICON_NAME = AppIcon;
				ASSETCATALOG_COMPILER_GLOBAL_ACCENT_COLOR_NAME = AccentColor;
				CODE_SIGN_ENTITLEMENTS = FileWatcher/FileWatcher.entitlements;
				CODE_SIGN_STYLE = Automatic;
				COMBINE_HIDPI_IMAGES = YES;
				CURRENT_PROJECT_VERSION = 1;
				DEVELOPMENT_TEAM = Z5Z8637SP3;
				ENABLE_HARDENED_RUNTIME = YES;
				GCC_PREFIX_HEADER = "$(SRCROOT)/FileWatcher/PrefixHeader.pch";
				GENERATE_INFOPLIST_FILE = YES;
				INFOPLIST_FILE = FileWatcher/Info.plist;
				INFOPLIST_KEY_NSHumanReadableCopyright = "";
				INFOPLIST_KEY_NSMainStoryboardFile = Main;
				INFOPLIST_KEY_NSPrincipalClass = NSApplication;
				LD_RUNPATH_SEARCH_PATHS = (
					"$(inherited)",
					"@executable_path/../Frameworks",
				);
				MACOSX_DEPLOYMENT_TARGET = 11.0;
				MARKETING_VERSION = 1.0;
				PRODUCT_BUNDLE_IDENTIFIER = com.zhouxing.FileWatcher;
				PRODUCT_NAME = "$(TARGET_NAME)";
				SWIFT_EMIT_LOC_STRINGS = YES;
			};
			name = Release;
		};
/* End XCBuildConfiguration section */

/* Begin XCConfigurationList section */
		D99470BD2887CF820054F7AF /* Build configuration list for PBXProject "FileWatcher" */ = {
			isa = XCConfigurationList;
			buildConfigurations = (
				D99470D32887CF860054F7AF /* Debug */,
				D99470D42887CF860054F7AF /* Release */,
			);
			defaultConfigurationIsVisible = 0;
			defaultConfigurationName = Release;
		};
		D99470D52887CF860054F7AF /* Build configuration list for PBXNativeTarget "FileWatcher" */ = {
			isa = XCConfigurationList;
			buildConfigurations = (
				D99470D62887CF860054F7AF /* Debug */,
				D99470D72887CF860054F7AF /* Release */,
			);
			defaultConfigurationIsVisible = 0;
			defaultConfigurationName = Release;
		};
/* End XCConfigurationList section */
	};
	rootObject = D99470BA2887CF820054F7AF /* Project object */;
}
